
Microsoft Visual Studio Solution File, Format Version 12.00
# Visual Studio Version 17
VisualStudioVersion = 17.3.32825.248
MinimumVisualStudioVersion = 10.0.40219.1
Project("{FAE04EC0-301F-11D3-BF4B-00C04F79EFBC}") = "BO", "BO\BO.csproj", "{5919AF9E-94F7-4210-824B-22AEA772548E}"
EndProject
Project("{FAE04EC0-301F-11D3-BF4B-00C04F79EFBC}") = "Web", "Web\Web.csproj", "{9CD96EA9-433F-4755-BD7F-4142C62A0B87}"
EndProject
Global
	GlobalSection(SolutionConfigurationPlatforms) = preSolution
		Debug|Any CPU = Debug|Any CPU
		Release|Any CPU = Release|Any CPU
	EndGlobalSection
	GlobalSection(ProjectConfigurationPlatforms) = postSolution
		{5919AF9E-94F7-4210-824B-22AEA772548E}.Debug|Any CPU.ActiveCfg = Debug|Any CPU
		{5919AF9E-94F7-4210-824B-22AEA772548E}.Debug|Any CPU.Build.0 = Debug|Any CPU
		{5919AF9E-94F7-4210-824B-22AEA772548E}.Release|Any CPU.ActiveCfg = Release|Any CPU
		{5919AF9E-94F7-4210-824B-22AEA772548E}.Release|Any CPU.Build.0 = Release|Any CPU
		{9CD96EA9-433F-4755-BD7F-4142C62A0B87}.Debug|Any CPU.ActiveCfg = Debug|Any CPU
		{9CD96EA9-433F-4755-BD7F-4142C62A0B87}.Debug|Any CPU.Build.0 = Debug|Any CPU
		{9CD96EA9-433F-4755-BD7F-4142C62A0B87}.Release|Any CPU.ActiveCfg = Release|Any CPU
		{9CD96EA9-433F-4755-BD7F-4142C62A0B87}.Release|Any CPU.Build.0 = Release|Any CPU
	EndGlobalSection
	GlobalSection(SolutionProperties) = preSolution
		HideSolutionNode = FALSE
	EndGlobalSection
	GlobalSection(ExtensibilityGlobals) = postSolution
		SolutionGuid = {5702DF82-D7B9-460C-829B-8AF12F358AAC}
	EndGlobalSection
EndGlobal
